
Microsoft Visual Studio Solution File, Format Version 12.00
# Visual Studio 2013
VisualStudioVersion = 12.0.21005.1
MinimumVisualStudioVersion = 10.0.40219.1
Project("{FAE04EC0-301F-11D3-BF4B-00C04F79EFBC}") = "ExIF35", "ExIF35.csproj", "{6A38ED35-F697-4B90-BEA6-A68B3F2E145D}"
EndProject
Global
	GlobalSection(SolutionConfigurationPlatforms) = preSolution
		Debug|Any CPU = Debug|Any CPU
		Release|Any CPU = Release|Any CPU
	EndGlobalSection
	GlobalSection(ProjectConfigurationPlatforms) = postSolution
		{6A38ED35-F697-4B90-BEA6-A68B3F2E145D}.Debug|Any CPU.ActiveCfg = Debug|Any CPU
		{6A38ED35-F697-4B90-BEA6-A68B3F2E145D}.Debug|Any CPU.Build.0 = Debug|Any CPU
		{6A38ED35-F697-4B90-BEA6-A68B3F2E145D}.Release|Any CPU.ActiveCfg = Release|Any CPU
		{6A38ED35-F697-4B90-BEA6-A68B3F2E145D}.Release|Any CPU.Build.0 = Release|Any CPU
	EndGlobalSection
	GlobalSection(SolutionProperties) = preSolution
		HideSolutionNode = FALSE
	EndGlobalSection
EndGlobal
